
Microsoft Visual Studio Solution File, Format Version 12.00
# Visual Studio Version 17
VisualStudioVersion = 17.3.32922.545
MinimumVisualStudioVersion = 10.0.40219.1
Project("{FAE04EC0-301F-11D3-BF4B-00C04F79EFBC}") = "JavaC#_Colecoes", "JavaC#_Colecoes.csproj", "{8A0218C9-203F-4CDF-81C6-5CF30FA09403}"
EndProject
Global
	GlobalSection(SolutionConfigurationPlatforms) = preSolution
		Debug|Any CPU = Debug|Any CPU
		Release|Any CPU = Release|Any CPU
	EndGlobalSection
	GlobalSection(ProjectConfigurationPlatforms) = postSolution
		{8A0218C9-203F-4CDF-81C6-5CF30FA09403}.Debug|Any CPU.ActiveCfg = Debug|Any CPU
		{8A0218C9-203F-4CDF-81C6-5CF30FA09403}.Debug|Any CPU.Build.0 = Debug|Any CPU
		{8A0218C9-203F-4CDF-81C6-5CF30FA09403}.Release|Any CPU.ActiveCfg = Release|Any CPU
		{8A0218C9-203F-4CDF-81C6-5CF30FA09403}.Release|Any CPU.Build.0 = Release|Any CPU
	EndGlobalSection
	GlobalSection(SolutionProperties) = preSolution
		HideSolutionNode = FALSE
	EndGlobalSection
	GlobalSection(ExtensibilityGlobals) = postSolution
		SolutionGuid = {F1911DD7-43C1-4C34-A6A5-40ECDB935F00}
	EndGlobalSection
EndGlobal
