
Microsoft Visual Studio Solution File, Format Version 12.00
# Visual Studio Version 17
VisualStudioVersion = 17.14.36518.9 d17.14
MinimumVisualStudioVersion = 10.0.40219.1
Project("{FAE04EC0-301F-11D3-BF4B-00C04F79EFBC}") = "TUT08_JuliaMizuguchiJulianaLeite", "TUT08_JuliaMizuguchiJulianaLeite.csproj", "{2A2A5E95-0E89-4E0C-A1C3-B81570423115}"
EndProject
Global
	GlobalSection(SolutionConfigurationPlatforms) = preSolution
		Debug|Any CPU = Debug|Any CPU
		Release|Any CPU = Release|Any CPU
	EndGlobalSection
	GlobalSection(ProjectConfigurationPlatforms) = postSolution
		{2A2A5E95-0E89-4E0C-A1C3-B81570423115}.Debug|Any CPU.ActiveCfg = Debug|Any CPU
		{2A2A5E95-0E89-4E0C-A1C3-B81570423115}.Debug|Any CPU.Build.0 = Debug|Any CPU
		{2A2A5E95-0E89-4E0C-A1C3-B81570423115}.Release|Any CPU.ActiveCfg = Release|Any CPU
		{2A2A5E95-0E89-4E0C-A1C3-B81570423115}.Release|Any CPU.Build.0 = Release|Any CPU
	EndGlobalSection
	GlobalSection(SolutionProperties) = preSolution
		HideSolutionNode = FALSE
	EndGlobalSection
	GlobalSection(ExtensibilityGlobals) = postSolution
		SolutionGuid = {C8EE37B6-AF8D-4D20-BD8A-5117482B035D}
	EndGlobalSection
EndGlobal
