
Microsoft Visual Studio Solution File, Format Version 12.00
# Visual Studio Version 17
VisualStudioVersion = 17.14.36603.0 d17.14
MinimumVisualStudioVersion = 10.0.40219.1
Project("{FAE04EC0-301F-11D3-BF4B-00C04F79EFBC}") = "NET_MVC_SimpleWebSite", "NET_MVC_SimpleWebSite.csproj", "{51FD2D5D-7483-4745-A843-31625393C7B8}"
EndProject
Global
	GlobalSection(SolutionConfigurationPlatforms) = preSolution
		Debug|Any CPU = Debug|Any CPU
		Release|Any CPU = Release|Any CPU
	EndGlobalSection
	GlobalSection(ProjectConfigurationPlatforms) = postSolution
		{51FD2D5D-7483-4745-A843-31625393C7B8}.Debug|Any CPU.ActiveCfg = Debug|Any CPU
		{51FD2D5D-7483-4745-A843-31625393C7B8}.Debug|Any CPU.Build.0 = Debug|Any CPU
		{51FD2D5D-7483-4745-A843-31625393C7B8}.Release|Any CPU.ActiveCfg = Release|Any CPU
		{51FD2D5D-7483-4745-A843-31625393C7B8}.Release|Any CPU.Build.0 = Release|Any CPU
	EndGlobalSection
	GlobalSection(SolutionProperties) = preSolution
		HideSolutionNode = FALSE
	EndGlobalSection
	GlobalSection(ExtensibilityGlobals) = postSolution
		SolutionGuid = {977DBAE7-9121-49A7-AEAD-4DA953004414}
	EndGlobalSection
EndGlobal
