
Microsoft Visual Studio Solution File, Format Version 12.00
# Visual Studio Version 17
VisualStudioVersion = 17.14.36518.9 d17.14
MinimumVisualStudioVersion = 10.0.40219.1
Project("{FAE04EC0-301F-11D3-BF4B-00C04F79EFBC}") = "A05_JuliaMizuguchi", "A05_JuliaMizuguchi.csproj", "{ACB9288F-ABFD-401C-9DD2-4AA7EF8B0B1B}"
EndProject
Global
	GlobalSection(SolutionConfigurationPlatforms) = preSolution
		Debug|Any CPU = Debug|Any CPU
		Release|Any CPU = Release|Any CPU
	EndGlobalSection
	GlobalSection(ProjectConfigurationPlatforms) = postSolution
		{ACB9288F-ABFD-401C-9DD2-4AA7EF8B0B1B}.Debug|Any CPU.ActiveCfg = Debug|Any CPU
		{ACB9288F-ABFD-401C-9DD2-4AA7EF8B0B1B}.Debug|Any CPU.Build.0 = Debug|Any CPU
		{ACB9288F-ABFD-401C-9DD2-4AA7EF8B0B1B}.Release|Any CPU.ActiveCfg = Release|Any CPU
		{ACB9288F-ABFD-401C-9DD2-4AA7EF8B0B1B}.Release|Any CPU.Build.0 = Release|Any CPU
	EndGlobalSection
	GlobalSection(SolutionProperties) = preSolution
		HideSolutionNode = FALSE
	EndGlobalSection
	GlobalSection(ExtensibilityGlobals) = postSolution
		SolutionGuid = {85FD5E90-ACBF-4FE5-B268-380D1BF7C97B}
	EndGlobalSection
EndGlobal
